// !$*UTF8*$!
{
	archiveVersion = 1;
	classes = {
	};
	objectVersion = 50;
	objects = {

/* Begin PBXBuildFile section */
		23214D1C21ABEF0F008114EE /* SwipeTableViewController.swift in Sources */ = {isa = PBXBuildFile; fileRef = 23214D1B21ABEF0F008114EE /* SwipeTableViewController.swift */; };
		2339C1872175CDCF00113A14 /* CategoryViewControler.swift in Sources */ = {isa = PBXBuildFile; fileRef = 2339C1862175CDCF00113A14 /* CategoryViewControler.swift */; };
		2367E80B2185C32F00539516 /* Item.swift in Sources */ = {isa = PBXBuildFile; fileRef = 2367E80A2185C32F00539516 /* Item.swift */; };
		2367E80D2185C34400539516 /* Category.swift in Sources */ = {isa = PBXBuildFile; fileRef = 2367E80C2185C34400539516 /* Category.swift */; };
		23F979E32165E27100A68B35 /* AppDelegate.swift in Sources */ = {isa = PBXBuildFile; fileRef = 23F979E22165E27100A68B35 /* AppDelegate.swift */; };
		23F979E52165E27100A68B35 /* TodoListViewController.swift in Sources */ = {isa = PBXBuildFile; fileRef = 23F979E42165E27100A68B35 /* TodoListViewController.swift */; };
		23F979E82165E27100A68B35 /* Main.storyboard in Resources */ = {isa = PBXBuildFile; fileRef = 23F979E62165E27100A68B35 /* Main.storyboard */; };
		23F979EA2165E27200A68B35 /* Assets.xcassets in Resources */ = {isa = PBXBuildFile; fileRef = 23F979E92165E27200A68B35 /* Assets.xcassets */; };
		23F979ED2165E27300A68B35 /* LaunchScreen.storyboard in Resources */ = {isa = PBXBuildFile; fileRef = 23F979EB2165E27300A68B35 /* LaunchScreen.storyboard */; };
		B95E541C29212BF7F3ACD8E0 /* Pods_Todey.framework in Frameworks */ = {isa = PBXBuildFile; fileRef = 135E4FCE5E052C473610E70F /* Pods_Todey.framework */; };
/* End PBXBuildFile section */

/* Begin PBXFileReference section */
		135E4FCE5E052C473610E70F /* Pods_Todey.framework */ = {isa = PBXFileReference; explicitFileType = wrapper.framework; includeInIndex = 0; path = Pods_Todey.framework; sourceTree = BUILT_PRODUCTS_DIR; };
		15DF20E6254F13CDBCA77A1F /* Pods-Todey.release.xcconfig */ = {isa = PBXFileReference; includeInIndex = 1; lastKnownFileType = text.xcconfig; name = "Pods-Todey.release.xcconfig"; path = "Pods/Target Support Files/Pods-Todey/Pods-Todey.release.xcconfig"; sourceTree = "<group>"; };
		23214D1B21ABEF0F008114EE /* SwipeTableViewController.swift */ = {isa = PBXFileReference; lastKnownFileType = sourcecode.swift; path = SwipeTableViewController.swift; sourceTree = "<group>"; };
		2339C1862175CDCF00113A14 /* CategoryViewControler.swift */ = {isa = PBXFileReference; lastKnownFileType = sourcecode.swift; path = CategoryViewControler.swift; sourceTree = "<group>"; };
		2367E80A2185C32F00539516 /* Item.swift */ = {isa = PBXFileReference; lastKnownFileType = sourcecode.swift; path = Item.swift; sourceTree = "<group>"; };
		2367E80C2185C34400539516 /* Category.swift */ = {isa = PBXFileReference; lastKnownFileType = sourcecode.swift; path = Category.swift; sourceTree = "<group>"; };
		23F979DF2165E27100A68B35 /* Todey.app */ = {isa = PBXFileReference; explicitFileType = wrapper.application; includeInIndex = 0; path = Todey.app; sourceTree = BUILT_PRODUCTS_DIR; };
		23F979E22165E27100A68B35 /* AppDelegate.swift */ = {isa = PBXFileReference; lastKnownFileType = sourcecode.swift; path = AppDelegate.swift; sourceTree = "<group>"; };
		23F979E42165E27100A68B35 /* TodoListViewController.swift */ = {isa = PBXFileReference; lastKnownFileType = sourcecode.swift; path = TodoListViewController.swift; sourceTree = "<group>"; };
		23F979E72165E27100A68B35 /* Base */ = {isa = PBXFileReference; lastKnownFileType = file.storyboard; name = Base; path = Base.lproj/Main.storyboard; sourceTree = "<group>"; };
		23F979E92165E27200A68B35 /* Assets.xcassets */ = {isa = PBXFileReference; lastKnownFileType = folder.assetcatalog; path = Assets.xcassets; sourceTree = "<group>"; };
		23F979EC2165E27300A68B35 /* Base */ = {isa = PBXFileReference; lastKnownFileType = file.storyboard; name = Base; path = Base.lproj/LaunchScreen.storyboard; sourceTree = "<group>"; };
		23F979EE2165E27300A68B35 /* Info.plist */ = {isa = PBXFileReference; lastKnownFileType = text.plist.xml; path = Info.plist; sourceTree = "<group>"; };
		B95E28B833F7732EDF7C03D5 /* Pods-Todey.debug.xcconfig */ = {isa = PBXFileReference; includeInIndex = 1; lastKnownFileType = text.xcconfig; name = "Pods-Todey.debug.xcconfig"; path = "Pods/Target Support Files/Pods-Todey/Pods-Todey.debug.xcconfig"; sourceTree = "<group>"; };
/* End PBXFileReference section */

/* Begin PBXFrameworksBuildPhase section */
		23F979DC2165E27100A68B35 /* Frameworks */ = {
			isa = PBXFrameworksBuildPhase;
			buildActionMask = 2147483647;
			files = (
				B95E541C29212BF7F3ACD8E0 /* Pods_Todey.framework in Frameworks */,
			);
			runOnlyForDeploymentPostprocessing = 0;
		};
/* End PBXFrameworksBuildPhase section */

/* Begin PBXGroup section */
		23B35125216BC9A200C28ACA /* Model */ = {
			isa = PBXGroup;
			children = (
				2367E80C2185C34400539516 /* Category.swift */,
				2367E80A2185C32F00539516 /* Item.swift */,
			);
			path = Model;
			sourceTree = "<group>";
		};
		23B35126216BC9BA00C28ACA /* Controllers */ = {
			isa = PBXGroup;
			children = (
				2339C1862175CDCF00113A14 /* CategoryViewControler.swift */,
				23F979E42165E27100A68B35 /* TodoListViewController.swift */,
				23214D1B21ABEF0F008114EE /* SwipeTableViewController.swift */,
			);
			path = Controllers;
			sourceTree = "<group>";
		};
		23B35127216BC9DF00C28ACA /* Views */ = {
			isa = PBXGroup;
			children = (
				23F979E62165E27100A68B35 /* Main.storyboard */,
			);
			path = Views;
			sourceTree = "<group>";
		};
		23B35128216BCA1500C28ACA /* Supporting Files */ = {
			isa = PBXGroup;
			children = (
				23F979E92165E27200A68B35 /* Assets.xcassets */,
				23F979EB2165E27300A68B35 /* LaunchScreen.storyboard */,
			);
			path = "Supporting Files";
			sourceTree = "<group>";
		};
		23F979D62165E27100A68B35 = {
			isa = PBXGroup;
			children = (
				23F979E12165E27100A68B35 /* Todey */,
				23F979E02165E27100A68B35 /* Products */,
				EA8D8E0664CCD64C64BA40DC /* Pods */,
				E775941F02ED7EFA8DF2462D /* Frameworks */,
			);
			sourceTree = "<group>";
		};
		23F979E02165E27100A68B35 /* Products */ = {
			isa = PBXGroup;
			children = (
				23F979DF2165E27100A68B35 /* Todey.app */,
			);
			name = Products;
			sourceTree = "<group>";
		};
		23F979E12165E27100A68B35 /* Todey */ = {
			isa = PBXGroup;
			children = (
				23F979E22165E27100A68B35 /* AppDelegate.swift */,
				23B35125216BC9A200C28ACA /* Model */,
				23B35126216BC9BA00C28ACA /* Controllers */,
				23B35127216BC9DF00C28ACA /* Views */,
				23B35128216BCA1500C28ACA /* Supporting Files */,
				23F979EE2165E27300A68B35 /* Info.plist */,
			);
			path = Todey;
			sourceTree = "<group>";
		};
		E775941F02ED7EFA8DF2462D /* Frameworks */ = {
			isa = PBXGroup;
			children = (
				135E4FCE5E052C473610E70F /* Pods_Todey.framework */,
			);
			name = Frameworks;
			sourceTree = "<group>";
		};
		EA8D8E0664CCD64C64BA40DC /* Pods */ = {
			isa = PBXGroup;
			children = (
				B95E28B833F7732EDF7C03D5 /* Pods-Todey.debug.xcconfig */,
				15DF20E6254F13CDBCA77A1F /* Pods-Todey.release.xcconfig */,
			);
			name = Pods;
			sourceTree = "<group>";
		};
/* End PBXGroup section */

/* Begin PBXNativeTarget section */
		23F979DE2165E27100A68B35 /* Todey */ = {
			isa = PBXNativeTarget;
			buildConfigurationList = 23F979F12165E27300A68B35 /* Build configuration list for PBXNativeTarget "Todey" */;
			buildPhases = (
				4721154844D15A4BD840195D /* [CP] Check Pods Manifest.lock */,
				23F979DB2165E27100A68B35 /* Sources */,
				23F979DC2165E27100A68B35 /* Frameworks */,
				23F979DD2165E27100A68B35 /* Resources */,
				83134287D5058C60050C690D /* [CP] Embed Pods Frameworks */,
			);
			buildRules = (
			);
			dependencies = (
			);
			name = Todey;
			productName = Todey;
			productReference = 23F979DF2165E27100A68B35 /* Todey.app */;
			productType = "com.apple.product-type.application";
		};
/* End PBXNativeTarget section */

/* Begin PBXProject section */
		23F979D72165E27100A68B35 /* Project object */ = {
			isa = PBXProject;
			attributes = {
				LastSwiftUpdateCheck = 0940;
				LastUpgradeCheck = 0940;
				ORGANIZATIONNAME = Avilash;
				TargetAttributes = {
					23F979DE2165E27100A68B35 = {
						CreatedOnToolsVersion = 9.4.1;
					};
				};
			};
			buildConfigurationList = 23F979DA2165E27100A68B35 /* Build configuration list for PBXProject "Todey" */;
			compatibilityVersion = "Xcode 9.3";
			developmentRegion = en;
			hasScannedForEncodings = 0;
			knownRegions = (
				en,
				Base,
			);
			mainGroup = 23F979D62165E27100A68B35;
			productRefGroup = 23F979E02165E27100A68B35 /* Products */;
			projectDirPath = "";
			projectRoot = "";
			targets = (
				23F979DE2165E27100A68B35 /* Todey */,
			);
		};
/* End PBXProject section */

/* Begin PBXResourcesBuildPhase section */
		23F979DD2165E27100A68B35 /* Resources */ = {
			isa = PBXResourcesBuildPhase;
			buildActionMask = 2147483647;
			files = (
				23F979ED2165E27300A68B35 /* LaunchScreen.storyboard in Resources */,
				23F979EA2165E27200A68B35 /* Assets.xcassets in Resources */,
				23F979E82165E27100A68B35 /* Main.storyboard in Resources */,
			);
			runOnlyForDeploymentPostprocessing = 0;
		};
/* End PBXResourcesBuildPhase section */

/* Begin PBXShellScriptBuildPhase section */
		4721154844D15A4BD840195D /* [CP] Check Pods Manifest.lock */ = {
			isa = PBXShellScriptBuildPhase;
			buildActionMask = 2147483647;
			files = (
			);
			inputPaths = (
				"${PODS_PODFILE_DIR_PATH}/Podfile.lock",
				"${PODS_ROOT}/Manifest.lock",
			);
			name = "[CP] Check Pods Manifest.lock";
			outputPaths = (
				"$(DERIVED_FILE_DIR)/Pods-Todey-checkManifestLockResult.txt",
			);
			runOnlyForDeploymentPostprocessing = 0;
			shellPath = /bin/sh;
			shellScript = "diff \"${PODS_PODFILE_DIR_PATH}/Podfile.lock\" \"${PODS_ROOT}/Manifest.lock\" > /dev/null\nif [ $? != 0 ] ; then\n    # print error to STDERR\n    echo \"error: The sandbox is not in sync with the Podfile.lock. Run 'pod install' or update your CocoaPods installation.\" >&2\n    exit 1\nfi\n# This output is used by Xcode 'outputs' to avoid re-running this script phase.\necho \"SUCCESS\" > \"${SCRIPT_OUTPUT_FILE_0}\"\n";
			showEnvVarsInLog = 0;
		};
		83134287D5058C60050C690D /* [CP] Embed Pods Frameworks */ = {
			isa = PBXShellScriptBuildPhase;
			buildActionMask = 2147483647;
			files = (
			);
			inputPaths = (
				"${SRCROOT}/Pods/Target Support Files/Pods-Todey/Pods-Todey-frameworks.sh",
				"${BUILT_PRODUCTS_DIR}/ChameleonFramework/ChameleonFramework.framework",
				"${BUILT_PRODUCTS_DIR}/Realm/Realm.framework",
				"${BUILT_PRODUCTS_DIR}/RealmSwift/RealmSwift.framework",
				"${BUILT_PRODUCTS_DIR}/SwipeCellKit/SwipeCellKit.framework",
			);
			name = "[CP] Embed Pods Frameworks";
			outputPaths = (
				"${TARGET_BUILD_DIR}/${FRAMEWORKS_FOLDER_PATH}/ChameleonFramework.framework",
				"${TARGET_BUILD_DIR}/${FRAMEWORKS_FOLDER_PATH}/Realm.framework",
				"${TARGET_BUILD_DIR}/${FRAMEWORKS_FOLDER_PATH}/RealmSwift.framework",
				"${TARGET_BUILD_DIR}/${FRAMEWORKS_FOLDER_PATH}/SwipeCellKit.framework",
			);
			runOnlyForDeploymentPostprocessing = 0;
			shellPath = /bin/sh;
			shellScript = "\"${SRCROOT}/Pods/Target Support Files/Pods-Todey/Pods-Todey-frameworks.sh\"\n";
			showEnvVarsInLog = 0;
		};
/* End PBXShellScriptBuildPhase section */

/* Begin PBXSourcesBuildPhase section */
		23F979DB2165E27100A68B35 /* Sources */ = {
			isa = PBXSourcesBuildPhase;
			buildActionMask = 2147483647;
			files = (
				2367E80B2185C32F00539516 /* Item.swift in Sources */,
				23F979E52165E27100A68B35 /* TodoListViewController.swift in Sources */,
				2339C1872175CDCF00113A14 /* CategoryViewControler.swift in Sources */,
				23F979E32165E27100A68B35 /* AppDelegate.swift in Sources */,
				23214D1C21ABEF0F008114EE /* SwipeTableViewController.swift in Sources */,
				2367E80D2185C34400539516 /* Category.swift in Sources */,
			);
			runOnlyForDeploymentPostprocessing = 0;
		};
/* End PBXSourcesBuildPhase section */

/* Begin PBXVariantGroup section */
		23F979E62165E27100A68B35 /* Main.storyboard */ = {
			isa = PBXVariantGroup;
			children = (
				23F979E72165E27100A68B35 /* Base */,
			);
			name = Main.storyboard;
			sourceTree = "<group>";
		};
		23F979EB2165E27300A68B35 /* LaunchScreen.storyboard */ = {
			isa = PBXVariantGroup;
			children = (
				23F979EC2165E27300A68B35 /* Base */,
			);
			name = LaunchScreen.storyboard;
			sourceTree = "<group>";
		};
/* End PBXVariantGroup section */

/* Begin XCBuildConfiguration section */
		23F979EF2165E27300A68B35 /* Debug */ = {
			isa = XCBuildConfiguration;
			buildSettings = {
				ALWAYS_SEARCH_USER_PATHS = NO;
				CLANG_ANALYZER_NONNULL = YES;
				CLANG_ANALYZER_NUMBER_OBJECT_CONVERSION = YES_AGGRESSIVE;
				CLANG_CXX_LANGUAGE_STANDARD = "gnu++14";
				CLANG_CXX_LIBRARY = "libc++";
				CLANG_ENABLE_MODULES = YES;
				CLANG_ENABLE_OBJC_ARC = YES;
				CLANG_ENABLE_OBJC_WEAK = YES;
				CLANG_WARN_BLOCK_CAPTURE_AUTORELEASING = YES;
				CLANG_WARN_BOOL_CONVERSION = YES;
				CLANG_WARN_COMMA = YES;
				CLANG_WARN_CONSTANT_CONVERSION = YES;
				CLANG_WARN_DEPRECATED_OBJC_IMPLEMENTATIONS = YES;
				CLANG_WARN_DIRECT_OBJC_ISA_USAGE = YES_ERROR;
				CLANG_WARN_DOCUMENTATION_COMMENTS = YES;
				CLANG_WARN_EMPTY_BODY = YES;
				CLANG_WARN_ENUM_CONVERSION = YES;
				CLANG_WARN_INFINITE_RECURSION = YES;
				CLANG_WARN_INT_CONVERSION = YES;
				CLANG_WARN_NON_LITERAL_NULL_CONVERSION = YES;
				CLANG_WARN_OBJC_IMPLICIT_RETAIN_SELF = YES;
				CLANG_WARN_OBJC_LITERAL_CONVERSION = YES;
				CLANG_WARN_OBJC_ROOT_CLASS = YES_ERROR;
				CLANG_WARN_RANGE_LOOP_ANALYSIS = YES;
				CLANG_WARN_STRICT_PROTOTYPES = YES;
				CLANG_WARN_SUSPICIOUS_MOVE = YES;
				CLANG_WARN_UNGUARDED_AVAILABILITY = YES_AGGRESSIVE;
				CLANG_WARN_UNREACHABLE_CODE = YES;
				CLANG_WARN__DUPLICATE_METHOD_MATCH = YES;
				CODE_SIGN_IDENTITY = "iPhone Developer";
				COPY_PHASE_STRIP = NO;
				DEBUG_INFORMATION_FORMAT = dwarf;
				ENABLE_STRICT_OBJC_MSGSEND = YES;
				ENABLE_TESTABILITY = YES;
				GCC_C_LANGUAGE_STANDARD = gnu11;
				GCC_DYNAMIC_NO_PIC = NO;
				GCC_NO_COMMON_BLOCKS = YES;
				GCC_OPTIMIZATION_LEVEL = 0;
				GCC_PREPROCESSOR_DEFINITIONS = (
					"DEBUG=1",
					"$(inherited)",
				);
				GCC_WARN_64_TO_32_BIT_CONVERSION = YES;
				GCC_WARN_ABOUT_RETURN_TYPE = YES_ERROR;
				GCC_WARN_UNDECLARED_SELECTOR = YES;
				GCC_WARN_UNINITIALIZED_AUTOS = YES_AGGRESSIVE;
				GCC_WARN_UNUSED_FUNCTION = YES;
				GCC_WARN_UNUSED_VARIABLE = YES;
				IPHONEOS_DEPLOYMENT_TARGET = 11.4;
				MTL_ENABLE_DEBUG_INFO = YES;
				ONLY_ACTIVE_ARCH = YES;
				SDKROOT = iphoneos;
				SWIFT_ACTIVE_COMPILATION_CONDITIONS = DEBUG;
				SWIFT_OPTIMIZATION_LEVEL = "-Onone";
			};
			name = Debug;
		};
		23F979F02165E27300A68B35 /* Release */ = {
			isa = XCBuildConfiguration;
			buildSettings = {
				ALWAYS_SEARCH_USER_PATHS = NO;
				CLANG_ANALYZER_NONNULL = YES;
				CLANG_ANALYZER_NUMBER_OBJECT_CONVERSION = YES_AGGRESSIVE;
				CLANG_CXX_LANGUAGE_STANDARD = "gnu++14";
				CLANG_CXX_LIBRARY = "libc++";
				CLANG_ENABLE_MODULES = YES;
				CLANG_ENABLE_OBJC_ARC = YES;
				CLANG_ENABLE_OBJC_WEAK = YES;
				CLANG_WARN_BLOCK_CAPTURE_AUTORELEASING = YES;
				CLANG_WARN_BOOL_CONVERSION = YES;
				CLANG_WARN_COMMA = YES;
				CLANG_WARN_CONSTANT_CONVERSION = YES;
				CLANG_WARN_DEPRECATED_OBJC_IMPLEMENTATIONS = YES;
				CLANG_WARN_DIRECT_OBJC_ISA_USAGE = YES_ERROR;
				CLANG_WARN_DOCUMENTATION_COMMENTS = YES;
				CLANG_WARN_EMPTY_BODY = YES;
				CLANG_WARN_ENUM_CONVERSION = YES;
				CLANG_WARN_INFINITE_RECURSION = YES;
				CLANG_WARN_INT_CONVERSION = YES;
				CLANG_WARN_NON_LITERAL_NULL_CONVERSION = YES;
				CLANG_WARN_OBJC_IMPLICIT_RETAIN_SELF = YES;
				CLANG_WARN_OBJC_LITERAL_CONVERSION = YES;
				CLANG_WARN_OBJC_ROOT_CLASS = YES_ERROR;
				CLANG_WARN_RANGE_LOOP_ANALYSIS = YES;
				CLANG_WARN_STRICT_PROTOTYPES = YES;
				CLANG_WARN_SUSPICIOUS_MOVE = YES;
				CLANG_WARN_UNGUARDED_AVAILABILITY = YES_AGGRESSIVE;
				CLANG_WARN_UNREACHABLE_CODE = YES;
				CLANG_WARN__DUPLICATE_METHOD_MATCH = YES;
				CODE_SIGN_IDENTITY = "iPhone Developer";
				COPY_PHASE_STRIP = NO;
				DEBUG_INFORMATION_FORMAT = "dwarf-with-dsym";
				ENABLE_NS_ASSERTIONS = NO;
				ENABLE_STRICT_OBJC_MSGSEND = YES;
				GCC_C_LANGUAGE_STANDARD = gnu11;
				GCC_NO_COMMON_BLOCKS = YES;
				GCC_WARN_64_TO_32_BIT_CONVERSION = YES;
				GCC_WARN_ABOUT_RETURN_TYPE = YES_ERROR;
				GCC_WARN_UNDECLARED_SELECTOR = YES;
				GCC_WARN_UNINITIALIZED_AUTOS = YES_AGGRESSIVE;
				GCC_WARN_UNUSED_FUNCTION = YES;
				GCC_WARN_UNUSED_VARIABLE = YES;
				IPHONEOS_DEPLOYMENT_TARGET = 11.4;
				MTL_ENABLE_DEBUG_INFO = NO;
				SDKROOT = iphoneos;
				SWIFT_COMPILATION_MODE = wholemodule;
				SWIFT_OPTIMIZATION_LEVEL = "-O";
				VALIDATE_PRODUCT = YES;
			};
			name = Release;
		};
		23F979F22165E27300A68B35 /* Debug */ = {
			isa = XCBuildConfiguration;
			baseConfigurationReference = B95E28B833F7732EDF7C03D5 /* Pods-Todey.debug.xcconfig */;
			buildSettings = {
				ASSETCATALOG_COMPILER_APPICON_NAME = AppIcon;
				CODE_SIGN_STYLE = Automatic;
				DEVELOPMENT_TEAM = DJ8RGL56Q6;
				INFOPLIST_FILE = Todey/Info.plist;
				LD_RUNPATH_SEARCH_PATHS = (
					"$(inherited)",
					"@executable_path/Frameworks",
				);
				PRODUCT_BUNDLE_IDENTIFIER = com.rishab.Todey;
				PRODUCT_NAME = "$(TARGET_NAME)";
				SWIFT_VERSION = 4.0;
				TARGETED_DEVICE_FAMILY = "1,2";
			};
			name = Debug;
		};
		23F979F32165E27300A68B35 /* Release */ = {
			isa = XCBuildConfiguration;
			baseConfigurationReference = 15DF20E6254F13CDBCA77A1F /* Pods-Todey.release.xcconfig */;
			buildSettings = {
				ASSETCATALOG_COMPILER_APPICON_NAME = AppIcon;
				CODE_SIGN_STYLE = Automatic;
				DEVELOPMENT_TEAM = DJ8RGL56Q6;
				INFOPLIST_FILE = Todey/Info.plist;
				LD_RUNPATH_SEARCH_PATHS = (
					"$(inherited)",
					"@executable_path/Frameworks",
				);
				PRODUCT_BUNDLE_IDENTIFIER = com.rishab.Todey;
				PRODUCT_NAME = "$(TARGET_NAME)";
				SWIFT_VERSION = 4.0;
				TARGETED_DEVICE_FAMILY = "1,2";
			};
			name = Release;
		};
/* End XCBuildConfiguration section */

/* Begin XCConfigurationList section */
		23F979DA2165E27100A68B35 /* Build configuration list for PBXProject "Todey" */ = {
			isa = XCConfigurationList;
			buildConfigurations = (
				23F979EF2165E27300A68B35 /* Debug */,
				23F979F02165E27300A68B35 /* Release */,
			);
			defaultConfigurationIsVisible = 0;
			defaultConfigurationName = Release;
		};
		23F979F12165E27300A68B35 /* Build configuration list for PBXNativeTarget "Todey" */ = {
			isa = XCConfigurationList;
			buildConfigurations = (
				23F979F22165E27300A68B35 /* Debug */,
				23F979F32165E27300A68B35 /* Release */,
			);
			defaultConfigurationIsVisible = 0;
			defaultConfigurationName = Release;
		};
/* End XCConfigurationList section */
	};
	rootObject = 23F979D72165E27100A68B35 /* Project object */;
}
